
Microsoft Visual Studio Solution File, Format Version 12.00
# Visual Studio Version 17
VisualStudioVersion = 17.0.31903.59
MinimumVisualStudioVersion = 10.0.40219.1
Project("{9A19103F-16F7-4668-BE54-9A1E7A4F7556}") = "Problem 1", "Problem 1\Problem 1.csproj", "{605900E1-10EF-4A51-85CB-337D89F43C25}"
EndProject
Project("{9A19103F-16F7-4668-BE54-9A1E7A4F7556}") = "Problem 2", "Problem 2\Problem 2.csproj", "{AB93ED9B-713E-4DD8-84CF-87896C1554E3}"
EndProject
Project("{9A19103F-16F7-4668-BE54-9A1E7A4F7556}") = "Problem 3", "Problem 3\Problem 3.csproj", "{FE57CA77-BD95-486C-87B4-FF0D55C0D1C2}"
EndProject
Project("{9A19103F-16F7-4668-BE54-9A1E7A4F7556}") = "Problem 4", "Problem 4\Problem 4.csproj", "{3885458C-9616-44D0-BC4B-489BF9FDED36}"
EndProject
Project("{9A19103F-16F7-4668-BE54-9A1E7A4F7556}") = "Problem 5", "Problem 5\Problem 5.csproj", "{790B73B4-7367-4E04-B620-437CF690242B}"
EndProject
Project("{9A19103F-16F7-4668-BE54-9A1E7A4F7556}") = "Problem 6", "Problem 6\Problem 6.csproj", "{DF4ADDF6-7FCB-4702-91F9-B4E971021F9C}"
EndProject
Project("{9A19103F-16F7-4668-BE54-9A1E7A4F7556}") = "Problem 7", "Problem 7\Problem 7.csproj", "{3D0BD5B4-7CC4-44A5-8C3D-B3C5C5C4FC68}"
EndProject
Project("{9A19103F-16F7-4668-BE54-9A1E7A4F7556}") = "Problem 8", "Problem 8\Problem 8.csproj", "{99DE7C57-79AF-4DF0-9C3F-D56C728774CF}"
EndProject
Project("{9A19103F-16F7-4668-BE54-9A1E7A4F7556}") = "Problem 9", "Problem 9\Problem 9.csproj", "{66569C43-070E-4916-869C-F826D4B5AFA2}"
EndProject
Project("{9A19103F-16F7-4668-BE54-9A1E7A4F7556}") = "Problem 10", "Problem 10\Problem 10.csproj", "{689278CC-72CC-4F80-A409-C1FB5CAE4872}"
EndProject
Project("{9A19103F-16F7-4668-BE54-9A1E7A4F7556}") = "Problem 11", "Problem 11\Problem 11.csproj", "{BC0EAF5B-6C5D-4C8A-8DF9-FB6B9A8FAB52}"
EndProject
Project("{9A19103F-16F7-4668-BE54-9A1E7A4F7556}") = "Problem 12", "Problem 12\Problem 12.csproj", "{35769AE6-A5B7-45EA-99D6-9BF8BA28A2D2}"
EndProject
Project("{9A19103F-16F7-4668-BE54-9A1E7A4F7556}") = "Problem 13", "Problem 13\Problem 13.csproj", "{1753DDC9-CF80-4685-8A38-FDC1249F3C16}"
EndProject
Project("{9A19103F-16F7-4668-BE54-9A1E7A4F7556}") = "Problem 14", "Problem 14\Problem 14.csproj", "{192470AD-D846-4B54-B85B-F1A4AA07B074}"
EndProject
Project("{9A19103F-16F7-4668-BE54-9A1E7A4F7556}") = "Problem 15", "Problem 15\Problem 15.csproj", "{363FC2CC-C307-4934-BA5D-72F664C60BBA}"
EndProject
Project("{9A19103F-16F7-4668-BE54-9A1E7A4F7556}") = "Problem 16", "Problem 16\Problem 16.csproj", "{05002680-46D4-475E-A757-A338E09701C0}"
EndProject
Project("{9A19103F-16F7-4668-BE54-9A1E7A4F7556}") = "Problem 17", "Problem 17\Problem 17.csproj", "{F124DAE3-45FA-4945-B347-1373525C0A73}"
EndProject
Project("{9A19103F-16F7-4668-BE54-9A1E7A4F7556}") = "Problem 18", "Problem 18\Problem 18.csproj", "{416325C1-7506-4420-AD4E-20DC6A0AE831}"
EndProject
Project("{9A19103F-16F7-4668-BE54-9A1E7A4F7556}") = "Problem 19", "Problem 19\Problem 19.csproj", "{B8DF9E98-D454-43D6-84D6-6DDA4725810A}"
EndProject
Project("{9A19103F-16F7-4668-BE54-9A1E7A4F7556}") = "Problem 20", "Problem 20\Problem 20.csproj", "{FB8D5082-8187-4350-9183-95297F35EB13}"
EndProject
Project("{2150E333-8FDC-42A3-9474-1A3956D46DE8}") = "Problems 1 to 9", "Problems 1 to 9", "{CCE33152-D4B0-4DA1-A73F-9FDEB96C398C}"
EndProject
Project("{2150E333-8FDC-42A3-9474-1A3956D46DE8}") = "Problems 10 to 19", "Problems 10 to 19", "{4E71C6C2-2588-46DE-81CA-D550F07BA192}"
EndProject
Project("{2150E333-8FDC-42A3-9474-1A3956D46DE8}") = "Problems 20 to 29", "Problems 20 to 29", "{00295825-9CA5-42DA-A4C6-EA880354B05A}"
EndProject
Project("{9A19103F-16F7-4668-BE54-9A1E7A4F7556}") = "Problem 21", "Problem 21\Problem 21.csproj", "{3ED9EF4B-5091-4EB2-8381-B407038D384A}"
EndProject
Project("{9A19103F-16F7-4668-BE54-9A1E7A4F7556}") = "Problem 22", "Problem 22\Problem 22.csproj", "{442272B0-D464-40F3-AAB2-7FB192E4394D}"
EndProject
Project("{9A19103F-16F7-4668-BE54-9A1E7A4F7556}") = "Problem 23", "Problem 23\Problem 23.csproj", "{84F8ED76-8CED-428B-9AFF-A043B58A0703}"
EndProject
Project("{9A19103F-16F7-4668-BE54-9A1E7A4F7556}") = "Problem 24", "Problem 24\Problem 24.csproj", "{5BEF8D63-E14C-40CC-B725-0ECE43C6A983}"
EndProject
Project("{9A19103F-16F7-4668-BE54-9A1E7A4F7556}") = "Problem 25", "Problem 25\Problem 25.csproj", "{E83A2E47-2DD9-4DDE-81EE-74BB419CC83B}"
EndProject
Project("{9A19103F-16F7-4668-BE54-9A1E7A4F7556}") = "Problem 26", "Problem 26\Problem 26.csproj", "{A381FA53-222E-48CD-B4CD-46D6ABD975C4}"
EndProject
Project("{9A19103F-16F7-4668-BE54-9A1E7A4F7556}") = "Problem 27", "Problem 27\Problem 27.csproj", "{ABEB0B92-7AC2-45DB-B777-EB3D6F958E77}"
EndProject
Project("{9A19103F-16F7-4668-BE54-9A1E7A4F7556}") = "Problem 28", "Problem 28\Problem 28.csproj", "{BEEF0130-6CD4-455A-B8AE-955BDDA9459F}"
EndProject
Project("{9A19103F-16F7-4668-BE54-9A1E7A4F7556}") = "Problem 29", "Problem 29\Problem 29.csproj", "{20424122-0202-45C6-968C-5D8AAB2BD784}"
EndProject
Project("{2150E333-8FDC-42A3-9474-1A3956D46DE8}") = "Problems 30 to 39", "Problems 30 to 39", "{C77605C8-6682-4E52-BC29-C699CD386C07}"
EndProject
Project("{9A19103F-16F7-4668-BE54-9A1E7A4F7556}") = "Problem 30", "Problem 30\Problem 30.csproj", "{2F568539-C696-4B46-832E-2EEAD473C0E3}"
EndProject
Project("{9A19103F-16F7-4668-BE54-9A1E7A4F7556}") = "Problem 31", "Problem 31\Problem 31.csproj", "{73757B75-0CC2-4E40-B9FD-E93C863C8340}"
EndProject
Project("{9A19103F-16F7-4668-BE54-9A1E7A4F7556}") = "Problem 32", "Problem 32\Problem 32.csproj", "{2A279F98-6DBF-45AF-AB2A-A75D28C6233B}"
EndProject
Project("{9A19103F-16F7-4668-BE54-9A1E7A4F7556}") = "Problem 33", "Problem 33\Problem 33.csproj", "{292222C7-4FBF-4140-8F3D-39A451996331}"
EndProject
Project("{9A19103F-16F7-4668-BE54-9A1E7A4F7556}") = "Problem 34", "Problem 34\Problem 34.csproj", "{B52650FF-1F30-4E82-8570-B7EDCE3C1058}"
EndProject
Project("{9A19103F-16F7-4668-BE54-9A1E7A4F7556}") = "Problem 35", "Problem 35\Problem 35.csproj", "{FC872445-B952-48F7-8990-F63CFB152656}"
EndProject
Project("{9A19103F-16F7-4668-BE54-9A1E7A4F7556}") = "Problem 36", "Problem 36\Problem 36.csproj", "{8C4AD34A-BE71-4E3A-A68A-60C2FE23AE74}"
EndProject
Project("{9A19103F-16F7-4668-BE54-9A1E7A4F7556}") = "Problem 37", "Problem 37\Problem 37.csproj", "{2CDF7C5C-7386-49E6-87AE-5EB1923EACFA}"
EndProject
Project("{FAE04EC0-301F-11D3-BF4B-00C04F79EFBC}") = "Problem 38", "Problem 38\Problem 38.csproj", "{ADF9C3E6-2083-4A1E-89D2-77A24D5BE9F3}"
EndProject
Global
	GlobalSection(SolutionConfigurationPlatforms) = preSolution
		Debug|Any CPU = Debug|Any CPU
		Release|Any CPU = Release|Any CPU
	EndGlobalSection
	GlobalSection(ProjectConfigurationPlatforms) = postSolution
		{605900E1-10EF-4A51-85CB-337D89F43C25}.Debug|Any CPU.ActiveCfg = Debug|Any CPU
		{605900E1-10EF-4A51-85CB-337D89F43C25}.Debug|Any CPU.Build.0 = Debug|Any CPU
		{605900E1-10EF-4A51-85CB-337D89F43C25}.Release|Any CPU.ActiveCfg = Release|Any CPU
		{605900E1-10EF-4A51-85CB-337D89F43C25}.Release|Any CPU.Build.0 = Release|Any CPU
		{AB93ED9B-713E-4DD8-84CF-87896C1554E3}.Debug|Any CPU.ActiveCfg = Debug|Any CPU
		{AB93ED9B-713E-4DD8-84CF-87896C1554E3}.Debug|Any CPU.Build.0 = Debug|Any CPU
		{AB93ED9B-713E-4DD8-84CF-87896C1554E3}.Release|Any CPU.ActiveCfg = Release|Any CPU
		{AB93ED9B-713E-4DD8-84CF-87896C1554E3}.Release|Any CPU.Build.0 = Release|Any CPU
		{FE57CA77-BD95-486C-87B4-FF0D55C0D1C2}.Debug|Any CPU.ActiveCfg = Debug|Any CPU
		{FE57CA77-BD95-486C-87B4-FF0D55C0D1C2}.Debug|Any CPU.Build.0 = Debug|Any CPU
		{FE57CA77-BD95-486C-87B4-FF0D55C0D1C2}.Release|Any CPU.ActiveCfg = Release|Any CPU
		{FE57CA77-BD95-486C-87B4-FF0D55C0D1C2}.Release|Any CPU.Build.0 = Release|Any CPU
		{3885458C-9616-44D0-BC4B-489BF9FDED36}.Debug|Any CPU.ActiveCfg = Debug|Any CPU
		{3885458C-9616-44D0-BC4B-489BF9FDED36}.Debug|Any CPU.Build.0 = Debug|Any CPU
		{3885458C-9616-44D0-BC4B-489BF9FDED36}.Release|Any CPU.ActiveCfg = Release|Any CPU
		{3885458C-9616-44D0-BC4B-489BF9FDED36}.Release|Any CPU.Build.0 = Release|Any CPU
		{790B73B4-7367-4E04-B620-437CF690242B}.Debug|Any CPU.ActiveCfg = Debug|Any CPU
		{790B73B4-7367-4E04-B620-437CF690242B}.Debug|Any CPU.Build.0 = Debug|Any CPU
		{790B73B4-7367-4E04-B620-437CF690242B}.Release|Any CPU.ActiveCfg = Release|Any CPU
		{790B73B4-7367-4E04-B620-437CF690242B}.Release|Any CPU.Build.0 = Release|Any CPU
		{DF4ADDF6-7FCB-4702-91F9-B4E971021F9C}.Debug|Any CPU.ActiveCfg = Debug|Any CPU
		{DF4ADDF6-7FCB-4702-91F9-B4E971021F9C}.Debug|Any CPU.Build.0 = Debug|Any CPU
		{DF4ADDF6-7FCB-4702-91F9-B4E971021F9C}.Release|Any CPU.ActiveCfg = Release|Any CPU
		{DF4ADDF6-7FCB-4702-91F9-B4E971021F9C}.Release|Any CPU.Build.0 = Release|Any CPU
		{3D0BD5B4-7CC4-44A5-8C3D-B3C5C5C4FC68}.Debug|Any CPU.ActiveCfg = Debug|Any CPU
		{3D0BD5B4-7CC4-44A5-8C3D-B3C5C5C4FC68}.Debug|Any CPU.Build.0 = Debug|Any CPU
		{3D0BD5B4-7CC4-44A5-8C3D-B3C5C5C4FC68}.Release|Any CPU.ActiveCfg = Release|Any CPU
		{3D0BD5B4-7CC4-44A5-8C3D-B3C5C5C4FC68}.Release|Any CPU.Build.0 = Release|Any CPU
		{99DE7C57-79AF-4DF0-9C3F-D56C728774CF}.Debug|Any CPU.ActiveCfg = Debug|Any CPU
		{99DE7C57-79AF-4DF0-9C3F-D56C728774CF}.Debug|Any CPU.Build.0 = Debug|Any CPU
		{99DE7C57-79AF-4DF0-9C3F-D56C728774CF}.Release|Any CPU.ActiveCfg = Release|Any CPU
		{99DE7C57-79AF-4DF0-9C3F-D56C728774CF}.Release|Any CPU.Build.0 = Release|Any CPU
		{66569C43-070E-4916-869C-F826D4B5AFA2}.Debug|Any CPU.ActiveCfg = Debug|Any CPU
		{66569C43-070E-4916-869C-F826D4B5AFA2}.Debug|Any CPU.Build.0 = Debug|Any CPU
		{66569C43-070E-4916-869C-F826D4B5AFA2}.Release|Any CPU.ActiveCfg = Release|Any CPU
		{66569C43-070E-4916-869C-F826D4B5AFA2}.Release|Any CPU.Build.0 = Release|Any CPU
		{689278CC-72CC-4F80-A409-C1FB5CAE4872}.Debug|Any CPU.ActiveCfg = Debug|Any CPU
		{689278CC-72CC-4F80-A409-C1FB5CAE4872}.Debug|Any CPU.Build.0 = Debug|Any CPU
		{689278CC-72CC-4F80-A409-C1FB5CAE4872}.Release|Any CPU.ActiveCfg = Release|Any CPU
		{689278CC-72CC-4F80-A409-C1FB5CAE4872}.Release|Any CPU.Build.0 = Release|Any CPU
		{BC0EAF5B-6C5D-4C8A-8DF9-FB6B9A8FAB52}.Debug|Any CPU.ActiveCfg = Debug|Any CPU
		{BC0EAF5B-6C5D-4C8A-8DF9-FB6B9A8FAB52}.Debug|Any CPU.Build.0 = Debug|Any CPU
		{BC0EAF5B-6C5D-4C8A-8DF9-FB6B9A8FAB52}.Release|Any CPU.ActiveCfg = Release|Any CPU
		{BC0EAF5B-6C5D-4C8A-8DF9-FB6B9A8FAB52}.Release|Any CPU.Build.0 = Release|Any CPU
		{35769AE6-A5B7-45EA-99D6-9BF8BA28A2D2}.Debug|Any CPU.ActiveCfg = Debug|Any CPU
		{35769AE6-A5B7-45EA-99D6-9BF8BA28A2D2}.Debug|Any CPU.Build.0 = Debug|Any CPU
		{35769AE6-A5B7-45EA-99D6-9BF8BA28A2D2}.Release|Any CPU.ActiveCfg = Release|Any CPU
		{35769AE6-A5B7-45EA-99D6-9BF8BA28A2D2}.Release|Any CPU.Build.0 = Release|Any CPU
		{1753DDC9-CF80-4685-8A38-FDC1249F3C16}.Debug|Any CPU.ActiveCfg = Debug|Any CPU
		{1753DDC9-CF80-4685-8A38-FDC1249F3C16}.Debug|Any CPU.Build.0 = Debug|Any CPU
		{1753DDC9-CF80-4685-8A38-FDC1249F3C16}.Release|Any CPU.ActiveCfg = Release|Any CPU
		{1753DDC9-CF80-4685-8A38-FDC1249F3C16}.Release|Any CPU.Build.0 = Release|Any CPU
		{192470AD-D846-4B54-B85B-F1A4AA07B074}.Debug|Any CPU.ActiveCfg = Debug|Any CPU
		{192470AD-D846-4B54-B85B-F1A4AA07B074}.Debug|Any CPU.Build.0 = Debug|Any CPU
		{192470AD-D846-4B54-B85B-F1A4AA07B074}.Release|Any CPU.ActiveCfg = Release|Any CPU
		{192470AD-D846-4B54-B85B-F1A4AA07B074}.Release|Any CPU.Build.0 = Release|Any CPU
		{363FC2CC-C307-4934-BA5D-72F664C60BBA}.Debug|Any CPU.ActiveCfg = Debug|Any CPU
		{363FC2CC-C307-4934-BA5D-72F664C60BBA}.Debug|Any CPU.Build.0 = Debug|Any CPU
		{363FC2CC-C307-4934-BA5D-72F664C60BBA}.Release|Any CPU.ActiveCfg = Release|Any CPU
		{363FC2CC-C307-4934-BA5D-72F664C60BBA}.Release|Any CPU.Build.0 = Release|Any CPU
		{05002680-46D4-475E-A757-A338E09701C0}.Debug|Any CPU.ActiveCfg = Debug|Any CPU
		{05002680-46D4-475E-A757-A338E09701C0}.Debug|Any CPU.Build.0 = Debug|Any CPU
		{05002680-46D4-475E-A757-A338E09701C0}.Release|Any CPU.ActiveCfg = Release|Any CPU
		{05002680-46D4-475E-A757-A338E09701C0}.Release|Any CPU.Build.0 = Release|Any CPU
		{F124DAE3-45FA-4945-B347-1373525C0A73}.Debug|Any CPU.ActiveCfg = Debug|Any CPU
		{F124DAE3-45FA-4945-B347-1373525C0A73}.Debug|Any CPU.Build.0 = Debug|Any CPU
		{F124DAE3-45FA-4945-B347-1373525C0A73}.Release|Any CPU.ActiveCfg = Release|Any CPU
		{F124DAE3-45FA-4945-B347-1373525C0A73}.Release|Any CPU.Build.0 = Release|Any CPU
		{416325C1-7506-4420-AD4E-20DC6A0AE831}.Debug|Any CPU.ActiveCfg = Debug|Any CPU
		{416325C1-7506-4420-AD4E-20DC6A0AE831}.Debug|Any CPU.Build.0 = Debug|Any CPU
		{416325C1-7506-4420-AD4E-20DC6A0AE831}.Release|Any CPU.ActiveCfg = Release|Any CPU
		{416325C1-7506-4420-AD4E-20DC6A0AE831}.Release|Any CPU.Build.0 = Release|Any CPU
		{B8DF9E98-D454-43D6-84D6-6DDA4725810A}.Debug|Any CPU.ActiveCfg = Debug|Any CPU
		{B8DF9E98-D454-43D6-84D6-6DDA4725810A}.Debug|Any CPU.Build.0 = Debug|Any CPU
		{B8DF9E98-D454-43D6-84D6-6DDA4725810A}.Release|Any CPU.ActiveCfg = Release|Any CPU
		{B8DF9E98-D454-43D6-84D6-6DDA4725810A}.Release|Any CPU.Build.0 = Release|Any CPU
		{FB8D5082-8187-4350-9183-95297F35EB13}.Debug|Any CPU.ActiveCfg = Debug|Any CPU
		{FB8D5082-8187-4350-9183-95297F35EB13}.Debug|Any CPU.Build.0 = Debug|Any CPU
		{FB8D5082-8187-4350-9183-95297F35EB13}.Release|Any CPU.ActiveCfg = Release|Any CPU
		{FB8D5082-8187-4350-9183-95297F35EB13}.Release|Any CPU.Build.0 = Release|Any CPU
		{3ED9EF4B-5091-4EB2-8381-B407038D384A}.Debug|Any CPU.ActiveCfg = Debug|Any CPU
		{3ED9EF4B-5091-4EB2-8381-B407038D384A}.Debug|Any CPU.Build.0 = Debug|Any CPU
		{3ED9EF4B-5091-4EB2-8381-B407038D384A}.Release|Any CPU.ActiveCfg = Release|Any CPU
		{3ED9EF4B-5091-4EB2-8381-B407038D384A}.Release|Any CPU.Build.0 = Release|Any CPU
		{442272B0-D464-40F3-AAB2-7FB192E4394D}.Debug|Any CPU.ActiveCfg = Debug|Any CPU
		{442272B0-D464-40F3-AAB2-7FB192E4394D}.Debug|Any CPU.Build.0 = Debug|Any CPU
		{442272B0-D464-40F3-AAB2-7FB192E4394D}.Release|Any CPU.ActiveCfg = Release|Any CPU
		{442272B0-D464-40F3-AAB2-7FB192E4394D}.Release|Any CPU.Build.0 = Release|Any CPU
		{84F8ED76-8CED-428B-9AFF-A043B58A0703}.Debug|Any CPU.ActiveCfg = Debug|Any CPU
		{84F8ED76-8CED-428B-9AFF-A043B58A0703}.Debug|Any CPU.Build.0 = Debug|Any CPU
		{84F8ED76-8CED-428B-9AFF-A043B58A0703}.Release|Any CPU.ActiveCfg = Release|Any CPU
		{84F8ED76-8CED-428B-9AFF-A043B58A0703}.Release|Any CPU.Build.0 = Release|Any CPU
		{5BEF8D63-E14C-40CC-B725-0ECE43C6A983}.Debug|Any CPU.ActiveCfg = Debug|Any CPU
		{5BEF8D63-E14C-40CC-B725-0ECE43C6A983}.Debug|Any CPU.Build.0 = Debug|Any CPU
		{5BEF8D63-E14C-40CC-B725-0ECE43C6A983}.Release|Any CPU.ActiveCfg = Release|Any CPU
		{5BEF8D63-E14C-40CC-B725-0ECE43C6A983}.Release|Any CPU.Build.0 = Release|Any CPU
		{E83A2E47-2DD9-4DDE-81EE-74BB419CC83B}.Debug|Any CPU.ActiveCfg = Debug|Any CPU
		{E83A2E47-2DD9-4DDE-81EE-74BB419CC83B}.Debug|Any CPU.Build.0 = Debug|Any CPU
		{E83A2E47-2DD9-4DDE-81EE-74BB419CC83B}.Release|Any CPU.ActiveCfg = Release|Any CPU
		{E83A2E47-2DD9-4DDE-81EE-74BB419CC83B}.Release|Any CPU.Build.0 = Release|Any CPU
		{A381FA53-222E-48CD-B4CD-46D6ABD975C4}.Debug|Any CPU.ActiveCfg = Debug|Any CPU
		{A381FA53-222E-48CD-B4CD-46D6ABD975C4}.Debug|Any CPU.Build.0 = Debug|Any CPU
		{A381FA53-222E-48CD-B4CD-46D6ABD975C4}.Release|Any CPU.ActiveCfg = Release|Any CPU
		{A381FA53-222E-48CD-B4CD-46D6ABD975C4}.Release|Any CPU.Build.0 = Release|Any CPU
		{ABEB0B92-7AC2-45DB-B777-EB3D6F958E77}.Debug|Any CPU.ActiveCfg = Debug|Any CPU
		{ABEB0B92-7AC2-45DB-B777-EB3D6F958E77}.Debug|Any CPU.Build.0 = Debug|Any CPU
		{ABEB0B92-7AC2-45DB-B777-EB3D6F958E77}.Release|Any CPU.ActiveCfg = Release|Any CPU
		{ABEB0B92-7AC2-45DB-B777-EB3D6F958E77}.Release|Any CPU.Build.0 = Release|Any CPU
		{BEEF0130-6CD4-455A-B8AE-955BDDA9459F}.Debug|Any CPU.ActiveCfg = Debug|Any CPU
		{BEEF0130-6CD4-455A-B8AE-955BDDA9459F}.Debug|Any CPU.Build.0 = Debug|Any CPU
		{BEEF0130-6CD4-455A-B8AE-955BDDA9459F}.Release|Any CPU.ActiveCfg = Release|Any CPU
		{BEEF0130-6CD4-455A-B8AE-955BDDA9459F}.Release|Any CPU.Build.0 = Release|Any CPU
		{20424122-0202-45C6-968C-5D8AAB2BD784}.Debug|Any CPU.ActiveCfg = Debug|Any CPU
		{20424122-0202-45C6-968C-5D8AAB2BD784}.Debug|Any CPU.Build.0 = Debug|Any CPU
		{20424122-0202-45C6-968C-5D8AAB2BD784}.Release|Any CPU.ActiveCfg = Release|Any CPU
		{20424122-0202-45C6-968C-5D8AAB2BD784}.Release|Any CPU.Build.0 = Release|Any CPU
		{2F568539-C696-4B46-832E-2EEAD473C0E3}.Debug|Any CPU.ActiveCfg = Debug|Any CPU
		{2F568539-C696-4B46-832E-2EEAD473C0E3}.Debug|Any CPU.Build.0 = Debug|Any CPU
		{2F568539-C696-4B46-832E-2EEAD473C0E3}.Release|Any CPU.ActiveCfg = Release|Any CPU
		{2F568539-C696-4B46-832E-2EEAD473C0E3}.Release|Any CPU.Build.0 = Release|Any CPU
		{73757B75-0CC2-4E40-B9FD-E93C863C8340}.Debug|Any CPU.ActiveCfg = Debug|Any CPU
		{73757B75-0CC2-4E40-B9FD-E93C863C8340}.Debug|Any CPU.Build.0 = Debug|Any CPU
		{73757B75-0CC2-4E40-B9FD-E93C863C8340}.Release|Any CPU.ActiveCfg = Release|Any CPU
		{73757B75-0CC2-4E40-B9FD-E93C863C8340}.Release|Any CPU.Build.0 = Release|Any CPU
		{2A279F98-6DBF-45AF-AB2A-A75D28C6233B}.Debug|Any CPU.ActiveCfg = Debug|Any CPU
		{2A279F98-6DBF-45AF-AB2A-A75D28C6233B}.Debug|Any CPU.Build.0 = Debug|Any CPU
		{2A279F98-6DBF-45AF-AB2A-A75D28C6233B}.Release|Any CPU.ActiveCfg = Release|Any CPU
		{2A279F98-6DBF-45AF-AB2A-A75D28C6233B}.Release|Any CPU.Build.0 = Release|Any CPU
		{292222C7-4FBF-4140-8F3D-39A451996331}.Debug|Any CPU.ActiveCfg = Debug|Any CPU
		{292222C7-4FBF-4140-8F3D-39A451996331}.Debug|Any CPU.Build.0 = Debug|Any CPU
		{292222C7-4FBF-4140-8F3D-39A451996331}.Release|Any CPU.ActiveCfg = Release|Any CPU
		{292222C7-4FBF-4140-8F3D-39A451996331}.Release|Any CPU.Build.0 = Release|Any CPU
		{B52650FF-1F30-4E82-8570-B7EDCE3C1058}.Debug|Any CPU.ActiveCfg = Debug|Any CPU
		{B52650FF-1F30-4E82-8570-B7EDCE3C1058}.Debug|Any CPU.Build.0 = Debug|Any CPU
		{B52650FF-1F30-4E82-8570-B7EDCE3C1058}.Release|Any CPU.ActiveCfg = Release|Any CPU
		{B52650FF-1F30-4E82-8570-B7EDCE3C1058}.Release|Any CPU.Build.0 = Release|Any CPU
		{FC872445-B952-48F7-8990-F63CFB152656}.Debug|Any CPU.ActiveCfg = Debug|Any CPU
		{FC872445-B952-48F7-8990-F63CFB152656}.Debug|Any CPU.Build.0 = Debug|Any CPU
		{FC872445-B952-48F7-8990-F63CFB152656}.Release|Any CPU.ActiveCfg = Release|Any CPU
		{FC872445-B952-48F7-8990-F63CFB152656}.Release|Any CPU.Build.0 = Release|Any CPU
		{8C4AD34A-BE71-4E3A-A68A-60C2FE23AE74}.Debug|Any CPU.ActiveCfg = Debug|Any CPU
		{8C4AD34A-BE71-4E3A-A68A-60C2FE23AE74}.Debug|Any CPU.Build.0 = Debug|Any CPU
		{8C4AD34A-BE71-4E3A-A68A-60C2FE23AE74}.Release|Any CPU.ActiveCfg = Release|Any CPU
		{8C4AD34A-BE71-4E3A-A68A-60C2FE23AE74}.Release|Any CPU.Build.0 = Release|Any CPU
		{2CDF7C5C-7386-49E6-87AE-5EB1923EACFA}.Debug|Any CPU.ActiveCfg = Debug|Any CPU
		{2CDF7C5C-7386-49E6-87AE-5EB1923EACFA}.Debug|Any CPU.Build.0 = Debug|Any CPU
		{2CDF7C5C-7386-49E6-87AE-5EB1923EACFA}.Release|Any CPU.ActiveCfg = Release|Any CPU
		{2CDF7C5C-7386-49E6-87AE-5EB1923EACFA}.Release|Any CPU.Build.0 = Release|Any CPU
		{ADF9C3E6-2083-4A1E-89D2-77A24D5BE9F3}.Debug|Any CPU.ActiveCfg = Debug|Any CPU
		{ADF9C3E6-2083-4A1E-89D2-77A24D5BE9F3}.Debug|Any CPU.Build.0 = Debug|Any CPU
		{ADF9C3E6-2083-4A1E-89D2-77A24D5BE9F3}.Release|Any CPU.ActiveCfg = Release|Any CPU
		{ADF9C3E6-2083-4A1E-89D2-77A24D5BE9F3}.Release|Any CPU.Build.0 = Release|Any CPU
	EndGlobalSection
	GlobalSection(SolutionProperties) = preSolution
		HideSolutionNode = FALSE
	EndGlobalSection
	GlobalSection(NestedProjects) = preSolution
		{605900E1-10EF-4A51-85CB-337D89F43C25} = {CCE33152-D4B0-4DA1-A73F-9FDEB96C398C}
		{AB93ED9B-713E-4DD8-84CF-87896C1554E3} = {CCE33152-D4B0-4DA1-A73F-9FDEB96C398C}
		{FE57CA77-BD95-486C-87B4-FF0D55C0D1C2} = {CCE33152-D4B0-4DA1-A73F-9FDEB96C398C}
		{3885458C-9616-44D0-BC4B-489BF9FDED36} = {CCE33152-D4B0-4DA1-A73F-9FDEB96C398C}
		{790B73B4-7367-4E04-B620-437CF690242B} = {CCE33152-D4B0-4DA1-A73F-9FDEB96C398C}
		{DF4ADDF6-7FCB-4702-91F9-B4E971021F9C} = {CCE33152-D4B0-4DA1-A73F-9FDEB96C398C}
		{3D0BD5B4-7CC4-44A5-8C3D-B3C5C5C4FC68} = {CCE33152-D4B0-4DA1-A73F-9FDEB96C398C}
		{99DE7C57-79AF-4DF0-9C3F-D56C728774CF} = {CCE33152-D4B0-4DA1-A73F-9FDEB96C398C}
		{66569C43-070E-4916-869C-F826D4B5AFA2} = {CCE33152-D4B0-4DA1-A73F-9FDEB96C398C}
		{689278CC-72CC-4F80-A409-C1FB5CAE4872} = {4E71C6C2-2588-46DE-81CA-D550F07BA192}
		{BC0EAF5B-6C5D-4C8A-8DF9-FB6B9A8FAB52} = {4E71C6C2-2588-46DE-81CA-D550F07BA192}
		{35769AE6-A5B7-45EA-99D6-9BF8BA28A2D2} = {4E71C6C2-2588-46DE-81CA-D550F07BA192}
		{1753DDC9-CF80-4685-8A38-FDC1249F3C16} = {4E71C6C2-2588-46DE-81CA-D550F07BA192}
		{192470AD-D846-4B54-B85B-F1A4AA07B074} = {4E71C6C2-2588-46DE-81CA-D550F07BA192}
		{363FC2CC-C307-4934-BA5D-72F664C60BBA} = {4E71C6C2-2588-46DE-81CA-D550F07BA192}
		{05002680-46D4-475E-A757-A338E09701C0} = {4E71C6C2-2588-46DE-81CA-D550F07BA192}
		{F124DAE3-45FA-4945-B347-1373525C0A73} = {4E71C6C2-2588-46DE-81CA-D550F07BA192}
		{416325C1-7506-4420-AD4E-20DC6A0AE831} = {4E71C6C2-2588-46DE-81CA-D550F07BA192}
		{B8DF9E98-D454-43D6-84D6-6DDA4725810A} = {4E71C6C2-2588-46DE-81CA-D550F07BA192}
		{FB8D5082-8187-4350-9183-95297F35EB13} = {00295825-9CA5-42DA-A4C6-EA880354B05A}
		{3ED9EF4B-5091-4EB2-8381-B407038D384A} = {00295825-9CA5-42DA-A4C6-EA880354B05A}
		{442272B0-D464-40F3-AAB2-7FB192E4394D} = {00295825-9CA5-42DA-A4C6-EA880354B05A}
		{84F8ED76-8CED-428B-9AFF-A043B58A0703} = {00295825-9CA5-42DA-A4C6-EA880354B05A}
		{5BEF8D63-E14C-40CC-B725-0ECE43C6A983} = {00295825-9CA5-42DA-A4C6-EA880354B05A}
		{E83A2E47-2DD9-4DDE-81EE-74BB419CC83B} = {00295825-9CA5-42DA-A4C6-EA880354B05A}
		{A381FA53-222E-48CD-B4CD-46D6ABD975C4} = {00295825-9CA5-42DA-A4C6-EA880354B05A}
		{ABEB0B92-7AC2-45DB-B777-EB3D6F958E77} = {00295825-9CA5-42DA-A4C6-EA880354B05A}
		{BEEF0130-6CD4-455A-B8AE-955BDDA9459F} = {00295825-9CA5-42DA-A4C6-EA880354B05A}
		{20424122-0202-45C6-968C-5D8AAB2BD784} = {00295825-9CA5-42DA-A4C6-EA880354B05A}
		{2F568539-C696-4B46-832E-2EEAD473C0E3} = {C77605C8-6682-4E52-BC29-C699CD386C07}
		{73757B75-0CC2-4E40-B9FD-E93C863C8340} = {C77605C8-6682-4E52-BC29-C699CD386C07}
		{2A279F98-6DBF-45AF-AB2A-A75D28C6233B} = {C77605C8-6682-4E52-BC29-C699CD386C07}
		{292222C7-4FBF-4140-8F3D-39A451996331} = {C77605C8-6682-4E52-BC29-C699CD386C07}
		{B52650FF-1F30-4E82-8570-B7EDCE3C1058} = {C77605C8-6682-4E52-BC29-C699CD386C07}
		{FC872445-B952-48F7-8990-F63CFB152656} = {C77605C8-6682-4E52-BC29-C699CD386C07}
		{8C4AD34A-BE71-4E3A-A68A-60C2FE23AE74} = {C77605C8-6682-4E52-BC29-C699CD386C07}
		{2CDF7C5C-7386-49E6-87AE-5EB1923EACFA} = {C77605C8-6682-4E52-BC29-C699CD386C07}
		{ADF9C3E6-2083-4A1E-89D2-77A24D5BE9F3} = {C77605C8-6682-4E52-BC29-C699CD386C07}
	EndGlobalSection
	GlobalSection(ExtensibilityGlobals) = postSolution
		SolutionGuid = {B8CE9F2A-B255-4DC4-B8C0-EA87237E0593}
	EndGlobalSection
EndGlobal
